
Microsoft Visual Studio Solution File, Format Version 12.00
# Visual Studio Version 17
VisualStudioVersion = 17.11.35222.181
MinimumVisualStudioVersion = 10.0.40219.1
Project("{FAE04EC0-301F-11D3-BF4B-00C04F79EFBC}") = "Garage 1.0", "Garage 1.0\Garage 1.0.csproj", "{A0256F90-4558-47C7-8DDE-134AD81E6EE0}"
EndProject
Global
	GlobalSection(SolutionConfigurationPlatforms) = preSolution
		Debug|Any CPU = Debug|Any CPU
		Release|Any CPU = Release|Any CPU
	EndGlobalSection
	GlobalSection(ProjectConfigurationPlatforms) = postSolution
		{A0256F90-4558-47C7-8DDE-134AD81E6EE0}.Debug|Any CPU.ActiveCfg = Debug|Any CPU
		{A0256F90-4558-47C7-8DDE-134AD81E6EE0}.Debug|Any CPU.Build.0 = Debug|Any CPU
		{A0256F90-4558-47C7-8DDE-134AD81E6EE0}.Release|Any CPU.ActiveCfg = Release|Any CPU
		{A0256F90-4558-47C7-8DDE-134AD81E6EE0}.Release|Any CPU.Build.0 = Release|Any CPU
	EndGlobalSection
	GlobalSection(SolutionProperties) = preSolution
		HideSolutionNode = FALSE
	EndGlobalSection
	GlobalSection(ExtensibilityGlobals) = postSolution
		SolutionGuid = {82728443-07FA-4279-8AA2-8463E67EEA80}
	EndGlobalSection
EndGlobal
